// !$*UTF8*$!
{
	archiveVersion = 1;
	classes = {
	};
	objectVersion = 46;
	objects = {

/* Begin PBXBuildFile section */
		1A2B9AF31CA040BB00273887 /* AppDelegate.swift in Sources */ = {isa = PBXBuildFile; fileRef = 1A2B9AF21CA040BB00273887 /* AppDelegate.swift */; };
		1A2B9AF51CA040BB00273887 /* ViewController.swift in Sources */ = {isa = PBXBuildFile; fileRef = 1A2B9AF41CA040BB00273887 /* ViewController.swift */; };
		1A2B9AF81CA040BB00273887 /* Main.storyboard in Resources */ = {isa = PBXBuildFile; fileRef = 1A2B9AF61CA040BB00273887 /* Main.storyboard */; };
		1A2B9AFA1CA040BB00273887 /* Assets.xcassets in Resources */ = {isa = PBXBuildFile; fileRef = 1A2B9AF91CA040BB00273887 /* Assets.xcassets */; };
		1A2B9AFD1CA040BB00273887 /* LaunchScreen.storyboard in Resources */ = {isa = PBXBuildFile; fileRef = 1A2B9AFB1CA040BB00273887 /* LaunchScreen.storyboard */; };
		1A2B9B051CA063CF00273887 /* buttonViewController.swift in Sources */ = {isa = PBXBuildFile; fileRef = 1A2B9B041CA063CF00273887 /* buttonViewController.swift */; };
/* End PBXBuildFile section */

/* Begin PBXFileReference section */
		1A2B9AEF1CA040BB00273887 /* AlertPractise.app */ = {isa = PBXFileReference; explicitFileType = wrapper.application; includeInIndex = 0; path = AlertPractise.app; sourceTree = BUILT_PRODUCTS_DIR; };
		1A2B9AF21CA040BB00273887 /* AppDelegate.swift */ = {isa = PBXFileReference; lastKnownFileType = sourcecode.swift; path = AppDelegate.swift; sourceTree = "<group>"; };
		1A2B9AF41CA040BB00273887 /* ViewController.swift */ = {isa = PBXFileReference; lastKnownFileType = sourcecode.swift; path = ViewController.swift; sourceTree = "<group>"; };
		1A2B9AF71CA040BB00273887 /* Base */ = {isa = PBXFileReference; lastKnownFileType = file.storyboard; name = Base; path = Base.lproj/Main.storyboard; sourceTree = "<group>"; };
		1A2B9AF91CA040BB00273887 /* Assets.xcassets */ = {isa = PBXFileReference; lastKnownFileType = folder.assetcatalog; path = Assets.xcassets; sourceTree = "<group>"; };
		1A2B9AFC1CA040BB00273887 /* Base */ = {isa = PBXFileReference; lastKnownFileType = file.storyboard; name = Base; path = Base.lproj/LaunchScreen.storyboard; sourceTree = "<group>"; };
		1A2B9AFE1CA040BC00273887 /* Info.plist */ = {isa = PBXFileReference; lastKnownFileType = text.plist.xml; path = Info.plist; sourceTree = "<group>"; };
		1A2B9B041CA063CF00273887 /* buttonViewController.swift */ = {isa = PBXFileReference; fileEncoding = 4; lastKnownFileType = sourcecode.swift; path = buttonViewController.swift; sourceTree = "<group>"; };
/* End PBXFileReference section */

/* Begin PBXFrameworksBuildPhase section */
		1A2B9AEC1CA040BB00273887 /* Frameworks */ = {
			isa = PBXFrameworksBuildPhase;
			buildActionMask = 2147483647;
			files = (
			);
			runOnlyForDeploymentPostprocessing = 0;
		};
/* End PBXFrameworksBuildPhase section */

/* Begin PBXGroup section */
		1A2B9AE61CA040BB00273887 = {
			isa = PBXGroup;
			children = (
				1A2B9AF11CA040BB00273887 /* AlertPractise */,
				1A2B9AF01CA040BB00273887 /* Products */,
			);
			sourceTree = "<group>";
		};
		1A2B9AF01CA040BB00273887 /* Products */ = {
			isa = PBXGroup;
			children = (
				1A2B9AEF1CA040BB00273887 /* AlertPractise.app */,
			);
			name = Products;
			sourceTree = "<group>";
		};
		1A2B9AF11CA040BB00273887 /* AlertPractise */ = {
			isa = PBXGroup;
			children = (
				1A2B9AF21CA040BB00273887 /* AppDelegate.swift */,
				1A2B9AF41CA040BB00273887 /* ViewController.swift */,
				1A2B9B041CA063CF00273887 /* buttonViewController.swift */,
				1A2B9AF61CA040BB00273887 /* Main.storyboard */,
				1A2B9AF91CA040BB00273887 /* Assets.xcassets */,
				1A2B9AFB1CA040BB00273887 /* LaunchScreen.storyboard */,
				1A2B9AFE1CA040BC00273887 /* Info.plist */,
			);
			path = AlertPractise;
			sourceTree = "<group>";
		};
/* End PBXGroup section */

/* Begin PBXNativeTarget section */
		1A2B9AEE1CA040BB00273887 /* AlertPractise */ = {
			isa = PBXNativeTarget;
			buildConfigurationList = 1A2B9B011CA040BC00273887 /* Build configuration list for PBXNativeTarget "AlertPractise" */;
			buildPhases = (
				1A2B9AEB1CA040BB00273887 /* Sources */,
				1A2B9AEC1CA040BB00273887 /* Frameworks */,
				1A2B9AED1CA040BB00273887 /* Resources */,
			);
			buildRules = (
			);
			dependencies = (
			);
			name = AlertPractise;
			productName = AlertPractise;
			productReference = 1A2B9AEF1CA040BB00273887 /* AlertPractise.app */;
			productType = "com.apple.product-type.application";
		};
/* End PBXNativeTarget section */

/* Begin PBXProject section */
		1A2B9AE71CA040BB00273887 /* Project object */ = {
			isa = PBXProject;
			attributes = {
				LastSwiftUpdateCheck = 0720;
				LastUpgradeCheck = 0720;
				ORGANIZATIONNAME = "Wu Kwok Ho";
				TargetAttributes = {
					1A2B9AEE1CA040BB00273887 = {
						CreatedOnToolsVersion = 7.2.1;
					};
				};
			};
			buildConfigurationList = 1A2B9AEA1CA040BB00273887 /* Build configuration list for PBXProject "AlertPractise" */;
			compatibilityVersion = "Xcode 3.2";
			developmentRegion = English;
			hasScannedForEncodings = 0;
			knownRegions = (
				en,
				Base,
			);
			mainGroup = 1A2B9AE61CA040BB00273887;
			productRefGroup = 1A2B9AF01CA040BB00273887 /* Products */;
			projectDirPath = "";
			projectRoot = "";
			targets = (
				1A2B9AEE1CA040BB00273887 /* AlertPractise */,
			);
		};
/* End PBXProject section */

/* Begin PBXResourcesBuildPhase section */
		1A2B9AED1CA040BB00273887 /* Resources */ = {
			isa = PBXResourcesBuildPhase;
			buildActionMask = 2147483647;
			files = (
				1A2B9AFD1CA040BB00273887 /* LaunchScreen.storyboard in Resources */,
				1A2B9AFA1CA040BB00273887 /* Assets.xcassets in Resources */,
				1A2B9AF81CA040BB00273887 /* Main.storyboard in Resources */,
			);
			runOnlyForDeploymentPostprocessing = 0;
		};
/* End PBXResourcesBuildPhase section */

/* Begin PBXSourcesBuildPhase section */
		1A2B9AEB1CA040BB00273887 /* Sources */ = {
			isa = PBXSourcesBuildPhase;
			buildActionMask = 2147483647;
			files = (
				1A2B9B051CA063CF00273887 /* buttonViewController.swift in Sources */,
				1A2B9AF51CA040BB00273887 /* ViewController.swift in Sources */,
				1A2B9AF31CA040BB00273887 /* AppDelegate.swift in Sources */,
			);
			runOnlyForDeploymentPostprocessing = 0;
		};
/* End PBXSourcesBuildPhase section */

/* Begin PBXVariantGroup section */
		1A2B9AF61CA040BB00273887 /* Main.storyboard */ = {
			isa = PBXVariantGroup;
			children = (
				1A2B9AF71CA040BB00273887 /* Base */,
			);
			name = Main.storyboard;
			sourceTree = "<group>";
		};
		1A2B9AFB1CA040BB00273887 /* LaunchScreen.storyboard */ = {
			isa = PBXVariantGroup;
			children = (
				1A2B9AFC1CA040BB00273887 /* Base */,
			);
			name = LaunchScreen.storyboard;
			sourceTree = "<group>";
		};
/* End PBXVariantGroup section */

/* Begin XCBuildConfiguration section */
		1A2B9AFF1CA040BC00273887 /* Debug */ = {
			isa = XCBuildConfiguration;
			buildSettings = {
				ALWAYS_SEARCH_USER_PATHS = NO;
				CLANG_CXX_LANGUAGE_STANDARD = "gnu++0x";
				CLANG_CXX_LIBRARY = "libc++";
				CLANG_ENABLE_MODULES = YES;
				CLANG_ENABLE_OBJC_ARC = YES;
				CLANG_WARN_BOOL_CONVERSION = YES;
				CLANG_WARN_CONSTANT_CONVERSION = YES;
				CLANG_WARN_DIRECT_OBJC_ISA_USAGE = YES_ERROR;
				CLANG_WARN_EMPTY_BODY = YES;
				CLANG_WARN_ENUM_CONVERSION = YES;
				CLANG_WARN_INT_CONVERSION = YES;
				CLANG_WARN_OBJC_ROOT_CLASS = YES_ERROR;
				CLANG_WARN_UNREACHABLE_CODE = YES;
				CLANG_WARN__DUPLICATE_METHOD_MATCH = YES;
				"CODE_SIGN_IDENTITY[sdk=iphoneos*]" = "iPhone Developer";
				COPY_PHASE_STRIP = NO;
				DEBUG_INFORMATION_FORMAT = dwarf;
				ENABLE_STRICT_OBJC_MSGSEND = YES;
				ENABLE_TESTABILITY = YES;
				GCC_C_LANGUAGE_STANDARD = gnu99;
				GCC_DYNAMIC_NO_PIC = NO;
				GCC_NO_COMMON_BLOCKS = YES;
				GCC_OPTIMIZATION_LEVEL = 0;
				GCC_PREPROCESSOR_DEFINITIONS = (
					"DEBUG=1",
					"$(inherited)",
				);
				GCC_WARN_64_TO_32_BIT_CONVERSION = YES;
				GCC_WARN_ABOUT_RETURN_TYPE = YES_ERROR;
				GCC_WARN_UNDECLARED_SELECTOR = YES;
				GCC_WARN_UNINITIALIZED_AUTOS = YES_AGGRESSIVE;
				GCC_WARN_UNUSED_FUNCTION = YES;
				GCC_WARN_UNUSED_VARIABLE = YES;
				IPHONEOS_DEPLOYMENT_TARGET = 9.2;
				MTL_ENABLE_DEBUG_INFO = YES;
				ONLY_ACTIVE_ARCH = YES;
				SDKROOT = iphoneos;
				SWIFT_OPTIMIZATION_LEVEL = "-Onone";
				TARGETED_DEVICE_FAMILY = "1,2";
			};
			name = Debug;
		};
		1A2B9B001CA040BC00273887 /* Release */ = {
			isa = XCBuildConfiguration;
			buildSettings = {
				ALWAYS_SEARCH_USER_PATHS = NO;
				CLANG_CXX_LANGUAGE_STANDARD = "gnu++0x";
				CLANG_CXX_LIBRARY = "libc++";
				CLANG_ENABLE_MODULES = YES;
				CLANG_ENABLE_OBJC_ARC = YES;
				CLANG_WARN_BOOL_CONVERSION = YES;
				CLANG_WARN_CONSTANT_CONVERSION = YES;
				CLANG_WARN_DIRECT_OBJC_ISA_USAGE = YES_ERROR;
				CLANG_WARN_EMPTY_BODY = YES;
				CLANG_WARN_ENUM_CONVERSION = YES;
				CLANG_WARN_INT_CONVERSION = YES;
				CLANG_WARN_OBJC_ROOT_CLASS = YES_ERROR;
				CLANG_WARN_UNREACHABLE_CODE = YES;
				CLANG_WARN__DUPLICATE_METHOD_MATCH = YES;
				"CODE_SIGN_IDENTITY[sdk=iphoneos*]" = "iPhone Developer";
				COPY_PHASE_STRIP = NO;
				DEBUG_INFORMATION_FORMAT = "dwarf-with-dsym";
				ENABLE_NS_ASSERTIONS = NO;
				ENABLE_STRICT_OBJC_MSGSEND = YES;
				GCC_C_LANGUAGE_STANDARD = gnu99;
				GCC_NO_COMMON_BLOCKS = YES;
				GCC_WARN_64_TO_32_BIT_CONVERSION = YES;
				GCC_WARN_ABOUT_RETURN_TYPE = YES_ERROR;
				GCC_WARN_UNDECLARED_SELECTOR = YES;
				GCC_WARN_UNINITIALIZED_AUTOS = YES_AGGRESSIVE;
				GCC_WARN_UNUSED_FUNCTION = YES;
				GCC_WARN_UNUSED_VARIABLE = YES;
				IPHONEOS_DEPLOYMENT_TARGET = 9.2;
				MTL_ENABLE_DEBUG_INFO = NO;
				SDKROOT = iphoneos;
				TARGETED_DEVICE_FAMILY = "1,2";
				VALIDATE_PRODUCT = YES;
			};
			name = Release;
		};
		1A2B9B021CA040BC00273887 /* Debug */ = {
			isa = XCBuildConfiguration;
			buildSettings = {
				ASSETCATALOG_COMPILER_APPICON_NAME = AppIcon;
				INFOPLIST_FILE = AlertPractise/Info.plist;
				LD_RUNPATH_SEARCH_PATHS = "$(inherited) @executable_path/Frameworks";
				PRODUCT_BUNDLE_IDENTIFIER = Co.Alphacamp.AlertPractise;
				PRODUCT_NAME = "$(TARGET_NAME)";
			};
			name = Debug;
		};
		1A2B9B031CA040BC00273887 /* Release */ = {
			isa = XCBuildConfiguration;
			buildSettings = {
				ASSETCATALOG_COMPILER_APPICON_NAME = AppIcon;
				INFOPLIST_FILE = AlertPractise/Info.plist;
				LD_RUNPATH_SEARCH_PATHS = "$(inherited) @executable_path/Frameworks";
				PRODUCT_BUNDLE_IDENTIFIER = Co.Alphacamp.AlertPractise;
				PRODUCT_NAME = "$(TARGET_NAME)";
			};
			name = Release;
		};
/* End XCBuildConfiguration section */

/* Begin XCConfigurationList section */
		1A2B9AEA1CA040BB00273887 /* Build configuration list for PBXProject "AlertPractise" */ = {
			isa = XCConfigurationList;
			buildConfigurations = (
				1A2B9AFF1CA040BC00273887 /* Debug */,
				1A2B9B001CA040BC00273887 /* Release */,
			);
			defaultConfigurationIsVisible = 0;
			defaultConfigurationName = Release;
		};
		1A2B9B011CA040BC00273887 /* Build configuration list for PBXNativeTarget "AlertPractise" */ = {
			isa = XCConfigurationList;
			buildConfigurations = (
				1A2B9B021CA040BC00273887 /* Debug */,
				1A2B9B031CA040BC00273887 /* Release */,
			);
			defaultConfigurationIsVisible = 0;
		};
/* End XCConfigurationList section */
	};
	rootObject = 1A2B9AE71CA040BB00273887 /* Project object */;
}
