// !$*UTF8*$!
{
	archiveVersion = 1;
	classes = {
	};
	objectVersion = 46;
	objects = {

/* Begin PBXBuildFile section */
		1AE46AE91C98F6EF00169091 /* AppDelegate.swift in Sources */ = {isa = PBXBuildFile; fileRef = 1AE46AE81C98F6EF00169091 /* AppDelegate.swift */; };
		1AE46AEB1C98F6EF00169091 /* MasterViewController.swift in Sources */ = {isa = PBXBuildFile; fileRef = 1AE46AEA1C98F6EF00169091 /* MasterViewController.swift */; };
		1AE46AED1C98F6EF00169091 /* DetailViewController.swift in Sources */ = {isa = PBXBuildFile; fileRef = 1AE46AEC1C98F6EF00169091 /* DetailViewController.swift */; };
		1AE46AF01C98F6EF00169091 /* Main.storyboard in Resources */ = {isa = PBXBuildFile; fileRef = 1AE46AEE1C98F6EF00169091 /* Main.storyboard */; };
		1AE46AF21C98F6EF00169091 /* Assets.xcassets in Resources */ = {isa = PBXBuildFile; fileRef = 1AE46AF11C98F6EF00169091 /* Assets.xcassets */; };
		1AE46AF51C98F6F000169091 /* LaunchScreen.storyboard in Resources */ = {isa = PBXBuildFile; fileRef = 1AE46AF31C98F6F000169091 /* LaunchScreen.storyboard */; };
/* End PBXBuildFile section */

/* Begin PBXFileReference section */
		1AE46AE51C98F6EF00169091 /* MasterViewClassPractise1.app */ = {isa = PBXFileReference; explicitFileType = wrapper.application; includeInIndex = 0; path = MasterViewClassPractise1.app; sourceTree = BUILT_PRODUCTS_DIR; };
		1AE46AE81C98F6EF00169091 /* AppDelegate.swift */ = {isa = PBXFileReference; lastKnownFileType = sourcecode.swift; path = AppDelegate.swift; sourceTree = "<group>"; };
		1AE46AEA1C98F6EF00169091 /* MasterViewController.swift */ = {isa = PBXFileReference; lastKnownFileType = sourcecode.swift; path = MasterViewController.swift; sourceTree = "<group>"; };
		1AE46AEC1C98F6EF00169091 /* DetailViewController.swift */ = {isa = PBXFileReference; lastKnownFileType = sourcecode.swift; path = DetailViewController.swift; sourceTree = "<group>"; };
		1AE46AEF1C98F6EF00169091 /* Base */ = {isa = PBXFileReference; lastKnownFileType = file.storyboard; name = Base; path = Base.lproj/Main.storyboard; sourceTree = "<group>"; };
		1AE46AF11C98F6EF00169091 /* Assets.xcassets */ = {isa = PBXFileReference; lastKnownFileType = folder.assetcatalog; path = Assets.xcassets; sourceTree = "<group>"; };
		1AE46AF41C98F6F000169091 /* Base */ = {isa = PBXFileReference; lastKnownFileType = file.storyboard; name = Base; path = Base.lproj/LaunchScreen.storyboard; sourceTree = "<group>"; };
		1AE46AF61C98F6F000169091 /* Info.plist */ = {isa = PBXFileReference; lastKnownFileType = text.plist.xml; path = Info.plist; sourceTree = "<group>"; };
/* End PBXFileReference section */

/* Begin PBXFrameworksBuildPhase section */
		1AE46AE21C98F6EF00169091 /* Frameworks */ = {
			isa = PBXFrameworksBuildPhase;
			buildActionMask = 2147483647;
			files = (
			);
			runOnlyForDeploymentPostprocessing = 0;
		};
/* End PBXFrameworksBuildPhase section */

/* Begin PBXGroup section */
		1AE46ADC1C98F6EF00169091 = {
			isa = PBXGroup;
			children = (
				1AE46AE71C98F6EF00169091 /* MasterViewClassPractise1 */,
				1AE46AE61C98F6EF00169091 /* Products */,
			);
			sourceTree = "<group>";
		};
		1AE46AE61C98F6EF00169091 /* Products */ = {
			isa = PBXGroup;
			children = (
				1AE46AE51C98F6EF00169091 /* MasterViewClassPractise1.app */,
			);
			name = Products;
			sourceTree = "<group>";
		};
		1AE46AE71C98F6EF00169091 /* MasterViewClassPractise1 */ = {
			isa = PBXGroup;
			children = (
				1AE46AE81C98F6EF00169091 /* AppDelegate.swift */,
				1AE46AEA1C98F6EF00169091 /* MasterViewController.swift */,
				1AE46AEC1C98F6EF00169091 /* DetailViewController.swift */,
				1AE46AEE1C98F6EF00169091 /* Main.storyboard */,
				1AE46AF11C98F6EF00169091 /* Assets.xcassets */,
				1AE46AF31C98F6F000169091 /* LaunchScreen.storyboard */,
				1AE46AF61C98F6F000169091 /* Info.plist */,
			);
			path = MasterViewClassPractise1;
			sourceTree = "<group>";
		};
/* End PBXGroup section */

/* Begin PBXNativeTarget section */
		1AE46AE41C98F6EF00169091 /* MasterViewClassPractise1 */ = {
			isa = PBXNativeTarget;
			buildConfigurationList = 1AE46AF91C98F6F000169091 /* Build configuration list for PBXNativeTarget "MasterViewClassPractise1" */;
			buildPhases = (
				1AE46AE11C98F6EF00169091 /* Sources */,
				1AE46AE21C98F6EF00169091 /* Frameworks */,
				1AE46AE31C98F6EF00169091 /* Resources */,
			);
			buildRules = (
			);
			dependencies = (
			);
			name = MasterViewClassPractise1;
			productName = MasterViewClassPractise1;
			productReference = 1AE46AE51C98F6EF00169091 /* MasterViewClassPractise1.app */;
			productType = "com.apple.product-type.application";
		};
/* End PBXNativeTarget section */

/* Begin PBXProject section */
		1AE46ADD1C98F6EF00169091 /* Project object */ = {
			isa = PBXProject;
			attributes = {
				LastSwiftUpdateCheck = 0720;
				LastUpgradeCheck = 0720;
				ORGANIZATIONNAME = "Wu Kwok Ho";
				TargetAttributes = {
					1AE46AE41C98F6EF00169091 = {
						CreatedOnToolsVersion = 7.2.1;
					};
				};
			};
			buildConfigurationList = 1AE46AE01C98F6EF00169091 /* Build configuration list for PBXProject "MasterViewClassPractise1" */;
			compatibilityVersion = "Xcode 3.2";
			developmentRegion = English;
			hasScannedForEncodings = 0;
			knownRegions = (
				en,
				Base,
			);
			mainGroup = 1AE46ADC1C98F6EF00169091;
			productRefGroup = 1AE46AE61C98F6EF00169091 /* Products */;
			projectDirPath = "";
			projectRoot = "";
			targets = (
				1AE46AE41C98F6EF00169091 /* MasterViewClassPractise1 */,
			);
		};
/* End PBXProject section */

/* Begin PBXResourcesBuildPhase section */
		1AE46AE31C98F6EF00169091 /* Resources */ = {
			isa = PBXResourcesBuildPhase;
			buildActionMask = 2147483647;
			files = (
				1AE46AF51C98F6F000169091 /* LaunchScreen.storyboard in Resources */,
				1AE46AF21C98F6EF00169091 /* Assets.xcassets in Resources */,
				1AE46AF01C98F6EF00169091 /* Main.storyboard in Resources */,
			);
			runOnlyForDeploymentPostprocessing = 0;
		};
/* End PBXResourcesBuildPhase section */

/* Begin PBXSourcesBuildPhase section */
		1AE46AE11C98F6EF00169091 /* Sources */ = {
			isa = PBXSourcesBuildPhase;
			buildActionMask = 2147483647;
			files = (
				1AE46AED1C98F6EF00169091 /* DetailViewController.swift in Sources */,
				1AE46AEB1C98F6EF00169091 /* MasterViewController.swift in Sources */,
				1AE46AE91C98F6EF00169091 /* AppDelegate.swift in Sources */,
			);
			runOnlyForDeploymentPostprocessing = 0;
		};
/* End PBXSourcesBuildPhase section */

/* Begin PBXVariantGroup section */
		1AE46AEE1C98F6EF00169091 /* Main.storyboard */ = {
			isa = PBXVariantGroup;
			children = (
				1AE46AEF1C98F6EF00169091 /* Base */,
			);
			name = Main.storyboard;
			sourceTree = "<group>";
		};
		1AE46AF31C98F6F000169091 /* LaunchScreen.storyboard */ = {
			isa = PBXVariantGroup;
			children = (
				1AE46AF41C98F6F000169091 /* Base */,
			);
			name = LaunchScreen.storyboard;
			sourceTree = "<group>";
		};
/* End PBXVariantGroup section */

/* Begin XCBuildConfiguration section */
		1AE46AF71C98F6F000169091 /* Debug */ = {
			isa = XCBuildConfiguration;
			buildSettings = {
				ALWAYS_SEARCH_USER_PATHS = NO;
				CLANG_CXX_LANGUAGE_STANDARD = "gnu++0x";
				CLANG_CXX_LIBRARY = "libc++";
				CLANG_ENABLE_MODULES = YES;
				CLANG_ENABLE_OBJC_ARC = YES;
				CLANG_WARN_BOOL_CONVERSION = YES;
				CLANG_WARN_CONSTANT_CONVERSION = YES;
				CLANG_WARN_DIRECT_OBJC_ISA_USAGE = YES_ERROR;
				CLANG_WARN_EMPTY_BODY = YES;
				CLANG_WARN_ENUM_CONVERSION = YES;
				CLANG_WARN_INT_CONVERSION = YES;
				CLANG_WARN_OBJC_ROOT_CLASS = YES_ERROR;
				CLANG_WARN_UNREACHABLE_CODE = YES;
				CLANG_WARN__DUPLICATE_METHOD_MATCH = YES;
				"CODE_SIGN_IDENTITY[sdk=iphoneos*]" = "iPhone Developer";
				COPY_PHASE_STRIP = NO;
				DEBUG_INFORMATION_FORMAT = dwarf;
				ENABLE_STRICT_OBJC_MSGSEND = YES;
				ENABLE_TESTABILITY = YES;
				GCC_C_LANGUAGE_STANDARD = gnu99;
				GCC_DYNAMIC_NO_PIC = NO;
				GCC_NO_COMMON_BLOCKS = YES;
				GCC_OPTIMIZATION_LEVEL = 0;
				GCC_PREPROCESSOR_DEFINITIONS = (
					"DEBUG=1",
					"$(inherited)",
				);
				GCC_WARN_64_TO_32_BIT_CONVERSION = YES;
				GCC_WARN_ABOUT_RETURN_TYPE = YES_ERROR;
				GCC_WARN_UNDECLARED_SELECTOR = YES;
				GCC_WARN_UNINITIALIZED_AUTOS = YES_AGGRESSIVE;
				GCC_WARN_UNUSED_FUNCTION = YES;
				GCC_WARN_UNUSED_VARIABLE = YES;
				IPHONEOS_DEPLOYMENT_TARGET = 9.2;
				MTL_ENABLE_DEBUG_INFO = YES;
				ONLY_ACTIVE_ARCH = YES;
				SDKROOT = iphoneos;
				SWIFT_OPTIMIZATION_LEVEL = "-Onone";
				TARGETED_DEVICE_FAMILY = "1,2";
			};
			name = Debug;
		};
		1AE46AF81C98F6F000169091 /* Release */ = {
			isa = XCBuildConfiguration;
			buildSettings = {
				ALWAYS_SEARCH_USER_PATHS = NO;
				CLANG_CXX_LANGUAGE_STANDARD = "gnu++0x";
				CLANG_CXX_LIBRARY = "libc++";
				CLANG_ENABLE_MODULES = YES;
				CLANG_ENABLE_OBJC_ARC = YES;
				CLANG_WARN_BOOL_CONVERSION = YES;
				CLANG_WARN_CONSTANT_CONVERSION = YES;
				CLANG_WARN_DIRECT_OBJC_ISA_USAGE = YES_ERROR;
				CLANG_WARN_EMPTY_BODY = YES;
				CLANG_WARN_ENUM_CONVERSION = YES;
				CLANG_WARN_INT_CONVERSION = YES;
				CLANG_WARN_OBJC_ROOT_CLASS = YES_ERROR;
				CLANG_WARN_UNREACHABLE_CODE = YES;
				CLANG_WARN__DUPLICATE_METHOD_MATCH = YES;
				"CODE_SIGN_IDENTITY[sdk=iphoneos*]" = "iPhone Developer";
				COPY_PHASE_STRIP = NO;
				DEBUG_INFORMATION_FORMAT = "dwarf-with-dsym";
				ENABLE_NS_ASSERTIONS = NO;
				ENABLE_STRICT_OBJC_MSGSEND = YES;
				GCC_C_LANGUAGE_STANDARD = gnu99;
				GCC_NO_COMMON_BLOCKS = YES;
				GCC_WARN_64_TO_32_BIT_CONVERSION = YES;
				GCC_WARN_ABOUT_RETURN_TYPE = YES_ERROR;
				GCC_WARN_UNDECLARED_SELECTOR = YES;
				GCC_WARN_UNINITIALIZED_AUTOS = YES_AGGRESSIVE;
				GCC_WARN_UNUSED_FUNCTION = YES;
				GCC_WARN_UNUSED_VARIABLE = YES;
				IPHONEOS_DEPLOYMENT_TARGET = 9.2;
				MTL_ENABLE_DEBUG_INFO = NO;
				SDKROOT = iphoneos;
				TARGETED_DEVICE_FAMILY = "1,2";
				VALIDATE_PRODUCT = YES;
			};
			name = Release;
		};
		1AE46AFA1C98F6F000169091 /* Debug */ = {
			isa = XCBuildConfiguration;
			buildSettings = {
				ASSETCATALOG_COMPILER_APPICON_NAME = AppIcon;
				INFOPLIST_FILE = MasterViewClassPractise1/Info.plist;
				LD_RUNPATH_SEARCH_PATHS = "$(inherited) @executable_path/Frameworks";
				PRODUCT_BUNDLE_IDENTIFIER = Co.Alphacamp.MasterViewClassPractise1;
				PRODUCT_NAME = "$(TARGET_NAME)";
			};
			name = Debug;
		};
		1AE46AFB1C98F6F000169091 /* Release */ = {
			isa = XCBuildConfiguration;
			buildSettings = {
				ASSETCATALOG_COMPILER_APPICON_NAME = AppIcon;
				INFOPLIST_FILE = MasterViewClassPractise1/Info.plist;
				LD_RUNPATH_SEARCH_PATHS = "$(inherited) @executable_path/Frameworks";
				PRODUCT_BUNDLE_IDENTIFIER = Co.Alphacamp.MasterViewClassPractise1;
				PRODUCT_NAME = "$(TARGET_NAME)";
			};
			name = Release;
		};
/* End XCBuildConfiguration section */

/* Begin XCConfigurationList section */
		1AE46AE01C98F6EF00169091 /* Build configuration list for PBXProject "MasterViewClassPractise1" */ = {
			isa = XCConfigurationList;
			buildConfigurations = (
				1AE46AF71C98F6F000169091 /* Debug */,
				1AE46AF81C98F6F000169091 /* Release */,
			);
			defaultConfigurationIsVisible = 0;
			defaultConfigurationName = Release;
		};
		1AE46AF91C98F6F000169091 /* Build configuration list for PBXNativeTarget "MasterViewClassPractise1" */ = {
			isa = XCConfigurationList;
			buildConfigurations = (
				1AE46AFA1C98F6F000169091 /* Debug */,
				1AE46AFB1C98F6F000169091 /* Release */,
			);
			defaultConfigurationIsVisible = 0;
		};
/* End XCConfigurationList section */
	};
	rootObject = 1AE46ADD1C98F6EF00169091 /* Project object */;
}
