// !$*UTF8*$!
{
	archiveVersion = 1;
	classes = {
	};
	objectVersion = 46;
	objects = {

/* Begin PBXBuildFile section */
		1AE46ACB1C98F62B00169091 /* AppDelegate.swift in Sources */ = {isa = PBXBuildFile; fileRef = 1AE46ACA1C98F62B00169091 /* AppDelegate.swift */; };
		1AE46ACD1C98F62B00169091 /* ViewController.swift in Sources */ = {isa = PBXBuildFile; fileRef = 1AE46ACC1C98F62B00169091 /* ViewController.swift */; };
		1AE46AD01C98F62B00169091 /* Main.storyboard in Resources */ = {isa = PBXBuildFile; fileRef = 1AE46ACE1C98F62B00169091 /* Main.storyboard */; };
		1AE46AD21C98F62B00169091 /* Assets.xcassets in Resources */ = {isa = PBXBuildFile; fileRef = 1AE46AD11C98F62B00169091 /* Assets.xcassets */; };
		1AE46AD51C98F62B00169091 /* LaunchScreen.storyboard in Resources */ = {isa = PBXBuildFile; fileRef = 1AE46AD31C98F62B00169091 /* LaunchScreen.storyboard */; };
/* End PBXBuildFile section */

/* Begin PBXFileReference section */
		1AE46AC71C98F62B00169091 /* autolayoutQuestion2.app */ = {isa = PBXFileReference; explicitFileType = wrapper.application; includeInIndex = 0; path = autolayoutQuestion2.app; sourceTree = BUILT_PRODUCTS_DIR; };
		1AE46ACA1C98F62B00169091 /* AppDelegate.swift */ = {isa = PBXFileReference; lastKnownFileType = sourcecode.swift; path = AppDelegate.swift; sourceTree = "<group>"; };
		1AE46ACC1C98F62B00169091 /* ViewController.swift */ = {isa = PBXFileReference; lastKnownFileType = sourcecode.swift; path = ViewController.swift; sourceTree = "<group>"; };
		1AE46ACF1C98F62B00169091 /* Base */ = {isa = PBXFileReference; lastKnownFileType = file.storyboard; name = Base; path = Base.lproj/Main.storyboard; sourceTree = "<group>"; };
		1AE46AD11C98F62B00169091 /* Assets.xcassets */ = {isa = PBXFileReference; lastKnownFileType = folder.assetcatalog; path = Assets.xcassets; sourceTree = "<group>"; };
		1AE46AD41C98F62B00169091 /* Base */ = {isa = PBXFileReference; lastKnownFileType = file.storyboard; name = Base; path = Base.lproj/LaunchScreen.storyboard; sourceTree = "<group>"; };
		1AE46AD61C98F62C00169091 /* Info.plist */ = {isa = PBXFileReference; lastKnownFileType = text.plist.xml; path = Info.plist; sourceTree = "<group>"; };
/* End PBXFileReference section */

/* Begin PBXFrameworksBuildPhase section */
		1AE46AC41C98F62B00169091 /* Frameworks */ = {
			isa = PBXFrameworksBuildPhase;
			buildActionMask = 2147483647;
			files = (
			);
			runOnlyForDeploymentPostprocessing = 0;
		};
/* End PBXFrameworksBuildPhase section */

/* Begin PBXGroup section */
		1AE46ABE1C98F62B00169091 = {
			isa = PBXGroup;
			children = (
				1AE46AC91C98F62B00169091 /* autolayoutQuestion2 */,
				1AE46AC81C98F62B00169091 /* Products */,
			);
			sourceTree = "<group>";
		};
		1AE46AC81C98F62B00169091 /* Products */ = {
			isa = PBXGroup;
			children = (
				1AE46AC71C98F62B00169091 /* autolayoutQuestion2.app */,
			);
			name = Products;
			sourceTree = "<group>";
		};
		1AE46AC91C98F62B00169091 /* autolayoutQuestion2 */ = {
			isa = PBXGroup;
			children = (
				1AE46ACA1C98F62B00169091 /* AppDelegate.swift */,
				1AE46ACC1C98F62B00169091 /* ViewController.swift */,
				1AE46ACE1C98F62B00169091 /* Main.storyboard */,
				1AE46AD11C98F62B00169091 /* Assets.xcassets */,
				1AE46AD31C98F62B00169091 /* LaunchScreen.storyboard */,
				1AE46AD61C98F62C00169091 /* Info.plist */,
			);
			path = autolayoutQuestion2;
			sourceTree = "<group>";
		};
/* End PBXGroup section */

/* Begin PBXNativeTarget section */
		1AE46AC61C98F62B00169091 /* autolayoutQuestion2 */ = {
			isa = PBXNativeTarget;
			buildConfigurationList = 1AE46AD91C98F62C00169091 /* Build configuration list for PBXNativeTarget "autolayoutQuestion2" */;
			buildPhases = (
				1AE46AC31C98F62B00169091 /* Sources */,
				1AE46AC41C98F62B00169091 /* Frameworks */,
				1AE46AC51C98F62B00169091 /* Resources */,
			);
			buildRules = (
			);
			dependencies = (
			);
			name = autolayoutQuestion2;
			productName = autolayoutQuestion2;
			productReference = 1AE46AC71C98F62B00169091 /* autolayoutQuestion2.app */;
			productType = "com.apple.product-type.application";
		};
/* End PBXNativeTarget section */

/* Begin PBXProject section */
		1AE46ABF1C98F62B00169091 /* Project object */ = {
			isa = PBXProject;
			attributes = {
				LastSwiftUpdateCheck = 0720;
				LastUpgradeCheck = 0720;
				ORGANIZATIONNAME = "Wu Kwok Ho";
				TargetAttributes = {
					1AE46AC61C98F62B00169091 = {
						CreatedOnToolsVersion = 7.2.1;
					};
				};
			};
			buildConfigurationList = 1AE46AC21C98F62B00169091 /* Build configuration list for PBXProject "autolayoutQuestion2" */;
			compatibilityVersion = "Xcode 3.2";
			developmentRegion = English;
			hasScannedForEncodings = 0;
			knownRegions = (
				en,
				Base,
			);
			mainGroup = 1AE46ABE1C98F62B00169091;
			productRefGroup = 1AE46AC81C98F62B00169091 /* Products */;
			projectDirPath = "";
			projectRoot = "";
			targets = (
				1AE46AC61C98F62B00169091 /* autolayoutQuestion2 */,
			);
		};
/* End PBXProject section */

/* Begin PBXResourcesBuildPhase section */
		1AE46AC51C98F62B00169091 /* Resources */ = {
			isa = PBXResourcesBuildPhase;
			buildActionMask = 2147483647;
			files = (
				1AE46AD51C98F62B00169091 /* LaunchScreen.storyboard in Resources */,
				1AE46AD21C98F62B00169091 /* Assets.xcassets in Resources */,
				1AE46AD01C98F62B00169091 /* Main.storyboard in Resources */,
			);
			runOnlyForDeploymentPostprocessing = 0;
		};
/* End PBXResourcesBuildPhase section */

/* Begin PBXSourcesBuildPhase section */
		1AE46AC31C98F62B00169091 /* Sources */ = {
			isa = PBXSourcesBuildPhase;
			buildActionMask = 2147483647;
			files = (
				1AE46ACD1C98F62B00169091 /* ViewController.swift in Sources */,
				1AE46ACB1C98F62B00169091 /* AppDelegate.swift in Sources */,
			);
			runOnlyForDeploymentPostprocessing = 0;
		};
/* End PBXSourcesBuildPhase section */

/* Begin PBXVariantGroup section */
		1AE46ACE1C98F62B00169091 /* Main.storyboard */ = {
			isa = PBXVariantGroup;
			children = (
				1AE46ACF1C98F62B00169091 /* Base */,
			);
			name = Main.storyboard;
			sourceTree = "<group>";
		};
		1AE46AD31C98F62B00169091 /* LaunchScreen.storyboard */ = {
			isa = PBXVariantGroup;
			children = (
				1AE46AD41C98F62B00169091 /* Base */,
			);
			name = LaunchScreen.storyboard;
			sourceTree = "<group>";
		};
/* End PBXVariantGroup section */

/* Begin XCBuildConfiguration section */
		1AE46AD71C98F62C00169091 /* Debug */ = {
			isa = XCBuildConfiguration;
			buildSettings = {
				ALWAYS_SEARCH_USER_PATHS = NO;
				CLANG_CXX_LANGUAGE_STANDARD = "gnu++0x";
				CLANG_CXX_LIBRARY = "libc++";
				CLANG_ENABLE_MODULES = YES;
				CLANG_ENABLE_OBJC_ARC = YES;
				CLANG_WARN_BOOL_CONVERSION = YES;
				CLANG_WARN_CONSTANT_CONVERSION = YES;
				CLANG_WARN_DIRECT_OBJC_ISA_USAGE = YES_ERROR;
				CLANG_WARN_EMPTY_BODY = YES;
				CLANG_WARN_ENUM_CONVERSION = YES;
				CLANG_WARN_INT_CONVERSION = YES;
				CLANG_WARN_OBJC_ROOT_CLASS = YES_ERROR;
				CLANG_WARN_UNREACHABLE_CODE = YES;
				CLANG_WARN__DUPLICATE_METHOD_MATCH = YES;
				"CODE_SIGN_IDENTITY[sdk=iphoneos*]" = "iPhone Developer";
				COPY_PHASE_STRIP = NO;
				DEBUG_INFORMATION_FORMAT = dwarf;
				ENABLE_STRICT_OBJC_MSGSEND = YES;
				ENABLE_TESTABILITY = YES;
				GCC_C_LANGUAGE_STANDARD = gnu99;
				GCC_DYNAMIC_NO_PIC = NO;
				GCC_NO_COMMON_BLOCKS = YES;
				GCC_OPTIMIZATION_LEVEL = 0;
				GCC_PREPROCESSOR_DEFINITIONS = (
					"DEBUG=1",
					"$(inherited)",
				);
				GCC_WARN_64_TO_32_BIT_CONVERSION = YES;
				GCC_WARN_ABOUT_RETURN_TYPE = YES_ERROR;
				GCC_WARN_UNDECLARED_SELECTOR = YES;
				GCC_WARN_UNINITIALIZED_AUTOS = YES_AGGRESSIVE;
				GCC_WARN_UNUSED_FUNCTION = YES;
				GCC_WARN_UNUSED_VARIABLE = YES;
				IPHONEOS_DEPLOYMENT_TARGET = 9.2;
				MTL_ENABLE_DEBUG_INFO = YES;
				ONLY_ACTIVE_ARCH = YES;
				SDKROOT = iphoneos;
				SWIFT_OPTIMIZATION_LEVEL = "-Onone";
				TARGETED_DEVICE_FAMILY = "1,2";
			};
			name = Debug;
		};
		1AE46AD81C98F62C00169091 /* Release */ = {
			isa = XCBuildConfiguration;
			buildSettings = {
				ALWAYS_SEARCH_USER_PATHS = NO;
				CLANG_CXX_LANGUAGE_STANDARD = "gnu++0x";
				CLANG_CXX_LIBRARY = "libc++";
				CLANG_ENABLE_MODULES = YES;
				CLANG_ENABLE_OBJC_ARC = YES;
				CLANG_WARN_BOOL_CONVERSION = YES;
				CLANG_WARN_CONSTANT_CONVERSION = YES;
				CLANG_WARN_DIRECT_OBJC_ISA_USAGE = YES_ERROR;
				CLANG_WARN_EMPTY_BODY = YES;
				CLANG_WARN_ENUM_CONVERSION = YES;
				CLANG_WARN_INT_CONVERSION = YES;
				CLANG_WARN_OBJC_ROOT_CLASS = YES_ERROR;
				CLANG_WARN_UNREACHABLE_CODE = YES;
				CLANG_WARN__DUPLICATE_METHOD_MATCH = YES;
				"CODE_SIGN_IDENTITY[sdk=iphoneos*]" = "iPhone Developer";
				COPY_PHASE_STRIP = NO;
				DEBUG_INFORMATION_FORMAT = "dwarf-with-dsym";
				ENABLE_NS_ASSERTIONS = NO;
				ENABLE_STRICT_OBJC_MSGSEND = YES;
				GCC_C_LANGUAGE_STANDARD = gnu99;
				GCC_NO_COMMON_BLOCKS = YES;
				GCC_WARN_64_TO_32_BIT_CONVERSION = YES;
				GCC_WARN_ABOUT_RETURN_TYPE = YES_ERROR;
				GCC_WARN_UNDECLARED_SELECTOR = YES;
				GCC_WARN_UNINITIALIZED_AUTOS = YES_AGGRESSIVE;
				GCC_WARN_UNUSED_FUNCTION = YES;
				GCC_WARN_UNUSED_VARIABLE = YES;
				IPHONEOS_DEPLOYMENT_TARGET = 9.2;
				MTL_ENABLE_DEBUG_INFO = NO;
				SDKROOT = iphoneos;
				TARGETED_DEVICE_FAMILY = "1,2";
				VALIDATE_PRODUCT = YES;
			};
			name = Release;
		};
		1AE46ADA1C98F62C00169091 /* Debug */ = {
			isa = XCBuildConfiguration;
			buildSettings = {
				ASSETCATALOG_COMPILER_APPICON_NAME = AppIcon;
				INFOPLIST_FILE = autolayoutQuestion2/Info.plist;
				LD_RUNPATH_SEARCH_PATHS = "$(inherited) @executable_path/Frameworks";
				PRODUCT_BUNDLE_IDENTIFIER = Co.Alphacamp.autolayoutQuestion2;
				PRODUCT_NAME = "$(TARGET_NAME)";
			};
			name = Debug;
		};
		1AE46ADB1C98F62C00169091 /* Release */ = {
			isa = XCBuildConfiguration;
			buildSettings = {
				ASSETCATALOG_COMPILER_APPICON_NAME = AppIcon;
				INFOPLIST_FILE = autolayoutQuestion2/Info.plist;
				LD_RUNPATH_SEARCH_PATHS = "$(inherited) @executable_path/Frameworks";
				PRODUCT_BUNDLE_IDENTIFIER = Co.Alphacamp.autolayoutQuestion2;
				PRODUCT_NAME = "$(TARGET_NAME)";
			};
			name = Release;
		};
/* End XCBuildConfiguration section */

/* Begin XCConfigurationList section */
		1AE46AC21C98F62B00169091 /* Build configuration list for PBXProject "autolayoutQuestion2" */ = {
			isa = XCConfigurationList;
			buildConfigurations = (
				1AE46AD71C98F62C00169091 /* Debug */,
				1AE46AD81C98F62C00169091 /* Release */,
			);
			defaultConfigurationIsVisible = 0;
			defaultConfigurationName = Release;
		};
		1AE46AD91C98F62C00169091 /* Build configuration list for PBXNativeTarget "autolayoutQuestion2" */ = {
			isa = XCConfigurationList;
			buildConfigurations = (
				1AE46ADA1C98F62C00169091 /* Debug */,
				1AE46ADB1C98F62C00169091 /* Release */,
			);
			defaultConfigurationIsVisible = 0;
		};
/* End XCConfigurationList section */
	};
	rootObject = 1AE46ABF1C98F62B00169091 /* Project object */;
}
