// !$*UTF8*$!
{
	archiveVersion = 1;
	classes = {
	};
	objectVersion = 46;
	objects = {

/* Begin PBXBuildFile section */
		1A2B9AC51C9FA7ED00273887 /* AppDelegate.swift in Sources */ = {isa = PBXBuildFile; fileRef = 1A2B9AC41C9FA7ED00273887 /* AppDelegate.swift */; };
		1A2B9AC71C9FA7ED00273887 /* ViewController.swift in Sources */ = {isa = PBXBuildFile; fileRef = 1A2B9AC61C9FA7ED00273887 /* ViewController.swift */; };
		1A2B9ACA1C9FA7ED00273887 /* Main.storyboard in Resources */ = {isa = PBXBuildFile; fileRef = 1A2B9AC81C9FA7ED00273887 /* Main.storyboard */; };
		1A2B9ACC1C9FA7ED00273887 /* Assets.xcassets in Resources */ = {isa = PBXBuildFile; fileRef = 1A2B9ACB1C9FA7ED00273887 /* Assets.xcassets */; };
		1A2B9ACF1C9FA7ED00273887 /* LaunchScreen.storyboard in Resources */ = {isa = PBXBuildFile; fileRef = 1A2B9ACD1C9FA7ED00273887 /* LaunchScreen.storyboard */; };
		1A2B9AD91C9FA84F00273887 /* poem.txt in Resources */ = {isa = PBXBuildFile; fileRef = 1A2B9AD81C9FA84F00273887 /* poem.txt */; };
/* End PBXBuildFile section */

/* Begin PBXFileReference section */
		1A2B9AC11C9FA7ED00273887 /* datainput.app */ = {isa = PBXFileReference; explicitFileType = wrapper.application; includeInIndex = 0; path = datainput.app; sourceTree = BUILT_PRODUCTS_DIR; };
		1A2B9AC41C9FA7ED00273887 /* AppDelegate.swift */ = {isa = PBXFileReference; lastKnownFileType = sourcecode.swift; path = AppDelegate.swift; sourceTree = "<group>"; };
		1A2B9AC61C9FA7ED00273887 /* ViewController.swift */ = {isa = PBXFileReference; lastKnownFileType = sourcecode.swift; path = ViewController.swift; sourceTree = "<group>"; };
		1A2B9AC91C9FA7ED00273887 /* Base */ = {isa = PBXFileReference; lastKnownFileType = file.storyboard; name = Base; path = Base.lproj/Main.storyboard; sourceTree = "<group>"; };
		1A2B9ACB1C9FA7ED00273887 /* Assets.xcassets */ = {isa = PBXFileReference; lastKnownFileType = folder.assetcatalog; path = Assets.xcassets; sourceTree = "<group>"; };
		1A2B9ACE1C9FA7ED00273887 /* Base */ = {isa = PBXFileReference; lastKnownFileType = file.storyboard; name = Base; path = Base.lproj/LaunchScreen.storyboard; sourceTree = "<group>"; };
		1A2B9AD01C9FA7ED00273887 /* Info.plist */ = {isa = PBXFileReference; lastKnownFileType = text.plist.xml; path = Info.plist; sourceTree = "<group>"; };
		1A2B9AD81C9FA84F00273887 /* poem.txt */ = {isa = PBXFileReference; fileEncoding = 4; lastKnownFileType = text; path = poem.txt; sourceTree = "<group>"; };
/* End PBXFileReference section */

/* Begin PBXFrameworksBuildPhase section */
		1A2B9ABE1C9FA7ED00273887 /* Frameworks */ = {
			isa = PBXFrameworksBuildPhase;
			buildActionMask = 2147483647;
			files = (
			);
			runOnlyForDeploymentPostprocessing = 0;
		};
/* End PBXFrameworksBuildPhase section */

/* Begin PBXGroup section */
		1A2B9AB81C9FA7ED00273887 = {
			isa = PBXGroup;
			children = (
				1A2B9AC31C9FA7ED00273887 /* datainput */,
				1A2B9AC21C9FA7ED00273887 /* Products */,
			);
			sourceTree = "<group>";
		};
		1A2B9AC21C9FA7ED00273887 /* Products */ = {
			isa = PBXGroup;
			children = (
				1A2B9AC11C9FA7ED00273887 /* datainput.app */,
			);
			name = Products;
			sourceTree = "<group>";
		};
		1A2B9AC31C9FA7ED00273887 /* datainput */ = {
			isa = PBXGroup;
			children = (
				1A2B9AC41C9FA7ED00273887 /* AppDelegate.swift */,
				1A2B9AC61C9FA7ED00273887 /* ViewController.swift */,
				1A2B9AC81C9FA7ED00273887 /* Main.storyboard */,
				1A2B9AD81C9FA84F00273887 /* poem.txt */,
				1A2B9ACB1C9FA7ED00273887 /* Assets.xcassets */,
				1A2B9ACD1C9FA7ED00273887 /* LaunchScreen.storyboard */,
				1A2B9AD01C9FA7ED00273887 /* Info.plist */,
			);
			path = datainput;
			sourceTree = "<group>";
		};
/* End PBXGroup section */

/* Begin PBXNativeTarget section */
		1A2B9AC01C9FA7ED00273887 /* datainput */ = {
			isa = PBXNativeTarget;
			buildConfigurationList = 1A2B9AD31C9FA7ED00273887 /* Build configuration list for PBXNativeTarget "datainput" */;
			buildPhases = (
				1A2B9ABD1C9FA7ED00273887 /* Sources */,
				1A2B9ABE1C9FA7ED00273887 /* Frameworks */,
				1A2B9ABF1C9FA7ED00273887 /* Resources */,
			);
			buildRules = (
			);
			dependencies = (
			);
			name = datainput;
			productName = datainput;
			productReference = 1A2B9AC11C9FA7ED00273887 /* datainput.app */;
			productType = "com.apple.product-type.application";
		};
/* End PBXNativeTarget section */

/* Begin PBXProject section */
		1A2B9AB91C9FA7ED00273887 /* Project object */ = {
			isa = PBXProject;
			attributes = {
				LastSwiftUpdateCheck = 0720;
				LastUpgradeCheck = 0720;
				ORGANIZATIONNAME = "Wu Kwok Ho";
				TargetAttributes = {
					1A2B9AC01C9FA7ED00273887 = {
						CreatedOnToolsVersion = 7.2.1;
					};
				};
			};
			buildConfigurationList = 1A2B9ABC1C9FA7ED00273887 /* Build configuration list for PBXProject "datainput" */;
			compatibilityVersion = "Xcode 3.2";
			developmentRegion = English;
			hasScannedForEncodings = 0;
			knownRegions = (
				en,
				Base,
			);
			mainGroup = 1A2B9AB81C9FA7ED00273887;
			productRefGroup = 1A2B9AC21C9FA7ED00273887 /* Products */;
			projectDirPath = "";
			projectRoot = "";
			targets = (
				1A2B9AC01C9FA7ED00273887 /* datainput */,
			);
		};
/* End PBXProject section */

/* Begin PBXResourcesBuildPhase section */
		1A2B9ABF1C9FA7ED00273887 /* Resources */ = {
			isa = PBXResourcesBuildPhase;
			buildActionMask = 2147483647;
			files = (
				1A2B9ACF1C9FA7ED00273887 /* LaunchScreen.storyboard in Resources */,
				1A2B9ACC1C9FA7ED00273887 /* Assets.xcassets in Resources */,
				1A2B9ACA1C9FA7ED00273887 /* Main.storyboard in Resources */,
				1A2B9AD91C9FA84F00273887 /* poem.txt in Resources */,
			);
			runOnlyForDeploymentPostprocessing = 0;
		};
/* End PBXResourcesBuildPhase section */

/* Begin PBXSourcesBuildPhase section */
		1A2B9ABD1C9FA7ED00273887 /* Sources */ = {
			isa = PBXSourcesBuildPhase;
			buildActionMask = 2147483647;
			files = (
				1A2B9AC71C9FA7ED00273887 /* ViewController.swift in Sources */,
				1A2B9AC51C9FA7ED00273887 /* AppDelegate.swift in Sources */,
			);
			runOnlyForDeploymentPostprocessing = 0;
		};
/* End PBXSourcesBuildPhase section */

/* Begin PBXVariantGroup section */
		1A2B9AC81C9FA7ED00273887 /* Main.storyboard */ = {
			isa = PBXVariantGroup;
			children = (
				1A2B9AC91C9FA7ED00273887 /* Base */,
			);
			name = Main.storyboard;
			sourceTree = "<group>";
		};
		1A2B9ACD1C9FA7ED00273887 /* LaunchScreen.storyboard */ = {
			isa = PBXVariantGroup;
			children = (
				1A2B9ACE1C9FA7ED00273887 /* Base */,
			);
			name = LaunchScreen.storyboard;
			sourceTree = "<group>";
		};
/* End PBXVariantGroup section */

/* Begin XCBuildConfiguration section */
		1A2B9AD11C9FA7ED00273887 /* Debug */ = {
			isa = XCBuildConfiguration;
			buildSettings = {
				ALWAYS_SEARCH_USER_PATHS = NO;
				CLANG_CXX_LANGUAGE_STANDARD = "gnu++0x";
				CLANG_CXX_LIBRARY = "libc++";
				CLANG_ENABLE_MODULES = YES;
				CLANG_ENABLE_OBJC_ARC = YES;
				CLANG_WARN_BOOL_CONVERSION = YES;
				CLANG_WARN_CONSTANT_CONVERSION = YES;
				CLANG_WARN_DIRECT_OBJC_ISA_USAGE = YES_ERROR;
				CLANG_WARN_EMPTY_BODY = YES;
				CLANG_WARN_ENUM_CONVERSION = YES;
				CLANG_WARN_INT_CONVERSION = YES;
				CLANG_WARN_OBJC_ROOT_CLASS = YES_ERROR;
				CLANG_WARN_UNREACHABLE_CODE = YES;
				CLANG_WARN__DUPLICATE_METHOD_MATCH = YES;
				"CODE_SIGN_IDENTITY[sdk=iphoneos*]" = "iPhone Developer";
				COPY_PHASE_STRIP = NO;
				DEBUG_INFORMATION_FORMAT = dwarf;
				ENABLE_STRICT_OBJC_MSGSEND = YES;
				ENABLE_TESTABILITY = YES;
				GCC_C_LANGUAGE_STANDARD = gnu99;
				GCC_DYNAMIC_NO_PIC = NO;
				GCC_NO_COMMON_BLOCKS = YES;
				GCC_OPTIMIZATION_LEVEL = 0;
				GCC_PREPROCESSOR_DEFINITIONS = (
					"DEBUG=1",
					"$(inherited)",
				);
				GCC_WARN_64_TO_32_BIT_CONVERSION = YES;
				GCC_WARN_ABOUT_RETURN_TYPE = YES_ERROR;
				GCC_WARN_UNDECLARED_SELECTOR = YES;
				GCC_WARN_UNINITIALIZED_AUTOS = YES_AGGRESSIVE;
				GCC_WARN_UNUSED_FUNCTION = YES;
				GCC_WARN_UNUSED_VARIABLE = YES;
				IPHONEOS_DEPLOYMENT_TARGET = 9.2;
				MTL_ENABLE_DEBUG_INFO = YES;
				ONLY_ACTIVE_ARCH = YES;
				SDKROOT = iphoneos;
				SWIFT_OPTIMIZATION_LEVEL = "-Onone";
				TARGETED_DEVICE_FAMILY = "1,2";
			};
			name = Debug;
		};
		1A2B9AD21C9FA7ED00273887 /* Release */ = {
			isa = XCBuildConfiguration;
			buildSettings = {
				ALWAYS_SEARCH_USER_PATHS = NO;
				CLANG_CXX_LANGUAGE_STANDARD = "gnu++0x";
				CLANG_CXX_LIBRARY = "libc++";
				CLANG_ENABLE_MODULES = YES;
				CLANG_ENABLE_OBJC_ARC = YES;
				CLANG_WARN_BOOL_CONVERSION = YES;
				CLANG_WARN_CONSTANT_CONVERSION = YES;
				CLANG_WARN_DIRECT_OBJC_ISA_USAGE = YES_ERROR;
				CLANG_WARN_EMPTY_BODY = YES;
				CLANG_WARN_ENUM_CONVERSION = YES;
				CLANG_WARN_INT_CONVERSION = YES;
				CLANG_WARN_OBJC_ROOT_CLASS = YES_ERROR;
				CLANG_WARN_UNREACHABLE_CODE = YES;
				CLANG_WARN__DUPLICATE_METHOD_MATCH = YES;
				"CODE_SIGN_IDENTITY[sdk=iphoneos*]" = "iPhone Developer";
				COPY_PHASE_STRIP = NO;
				DEBUG_INFORMATION_FORMAT = "dwarf-with-dsym";
				ENABLE_NS_ASSERTIONS = NO;
				ENABLE_STRICT_OBJC_MSGSEND = YES;
				GCC_C_LANGUAGE_STANDARD = gnu99;
				GCC_NO_COMMON_BLOCKS = YES;
				GCC_WARN_64_TO_32_BIT_CONVERSION = YES;
				GCC_WARN_ABOUT_RETURN_TYPE = YES_ERROR;
				GCC_WARN_UNDECLARED_SELECTOR = YES;
				GCC_WARN_UNINITIALIZED_AUTOS = YES_AGGRESSIVE;
				GCC_WARN_UNUSED_FUNCTION = YES;
				GCC_WARN_UNUSED_VARIABLE = YES;
				IPHONEOS_DEPLOYMENT_TARGET = 9.2;
				MTL_ENABLE_DEBUG_INFO = NO;
				SDKROOT = iphoneos;
				TARGETED_DEVICE_FAMILY = "1,2";
				VALIDATE_PRODUCT = YES;
			};
			name = Release;
		};
		1A2B9AD41C9FA7ED00273887 /* Debug */ = {
			isa = XCBuildConfiguration;
			buildSettings = {
				ASSETCATALOG_COMPILER_APPICON_NAME = AppIcon;
				INFOPLIST_FILE = datainput/Info.plist;
				LD_RUNPATH_SEARCH_PATHS = "$(inherited) @executable_path/Frameworks";
				PRODUCT_BUNDLE_IDENTIFIER = Co.Alphacamp.datainput;
				PRODUCT_NAME = "$(TARGET_NAME)";
			};
			name = Debug;
		};
		1A2B9AD51C9FA7ED00273887 /* Release */ = {
			isa = XCBuildConfiguration;
			buildSettings = {
				ASSETCATALOG_COMPILER_APPICON_NAME = AppIcon;
				INFOPLIST_FILE = datainput/Info.plist;
				LD_RUNPATH_SEARCH_PATHS = "$(inherited) @executable_path/Frameworks";
				PRODUCT_BUNDLE_IDENTIFIER = Co.Alphacamp.datainput;
				PRODUCT_NAME = "$(TARGET_NAME)";
			};
			name = Release;
		};
/* End XCBuildConfiguration section */

/* Begin XCConfigurationList section */
		1A2B9ABC1C9FA7ED00273887 /* Build configuration list for PBXProject "datainput" */ = {
			isa = XCConfigurationList;
			buildConfigurations = (
				1A2B9AD11C9FA7ED00273887 /* Debug */,
				1A2B9AD21C9FA7ED00273887 /* Release */,
			);
			defaultConfigurationIsVisible = 0;
			defaultConfigurationName = Release;
		};
		1A2B9AD31C9FA7ED00273887 /* Build configuration list for PBXNativeTarget "datainput" */ = {
			isa = XCConfigurationList;
			buildConfigurations = (
				1A2B9AD41C9FA7ED00273887 /* Debug */,
				1A2B9AD51C9FA7ED00273887 /* Release */,
			);
			defaultConfigurationIsVisible = 0;
		};
/* End XCConfigurationList section */
	};
	rootObject = 1A2B9AB91C9FA7ED00273887 /* Project object */;
}
